
Microsoft Visual Studio Solution File, Format Version 12.00
# Visual Studio Version 17
VisualStudioVersion = 17.1.32328.378
MinimumVisualStudioVersion = 10.0.40219.1
Project("{8BC9CEB8-8B4A-11D0-8D11-00A0C91BC942}") = "O2Net", "O2Net\O2Net.vcxproj", "{D751A6E2-9BBB-4199-AF9F-0072F96C96DC}"
EndProject
Project("{8BC9CEB8-8B4A-11D0-8D11-00A0C91BC942}") = "O2Net-Asio-Test", "O2Net-Asio-Test\O2Net-Asio-Test.vcxproj", "{5F625CF9-25DF-4B94-99E7-AD9F0538065C}"
	ProjectSection(ProjectDependencies) = postProject
		{D751A6E2-9BBB-4199-AF9F-0072F96C96DC} = {D751A6E2-9BBB-4199-AF9F-0072F96C96DC}
	EndProjectSection
EndProject
Global
	GlobalSection(SolutionConfigurationPlatforms) = preSolution
		Debug|x64 = Debug|x64
		Debug|x86 = Debug|x86
		Release|x64 = Release|x64
		Release|x86 = Release|x86
	EndGlobalSection
	GlobalSection(ProjectConfigurationPlatforms) = postSolution
		{D751A6E2-9BBB-4199-AF9F-0072F96C96DC}.Debug|x64.ActiveCfg = Debug|x64
		{D751A6E2-9BBB-4199-AF9F-0072F96C96DC}.Debug|x64.Build.0 = Debug|x64
		{D751A6E2-9BBB-4199-AF9F-0072F96C96DC}.Debug|x86.ActiveCfg = Debug|Win32
		{D751A6E2-9BBB-4199-AF9F-0072F96C96DC}.Debug|x86.Build.0 = Debug|Win32
		{D751A6E2-9BBB-4199-AF9F-0072F96C96DC}.Release|x64.ActiveCfg = Release|x64
		{D751A6E2-9BBB-4199-AF9F-0072F96C96DC}.Release|x64.Build.0 = Release|x64
		{D751A6E2-9BBB-4199-AF9F-0072F96C96DC}.Release|x86.ActiveCfg = Release|Win32
		{D751A6E2-9BBB-4199-AF9F-0072F96C96DC}.Release|x86.Build.0 = Release|Win32
		{5F625CF9-25DF-4B94-99E7-AD9F0538065C}.Debug|x64.ActiveCfg = Debug|x64
		{5F625CF9-25DF-4B94-99E7-AD9F0538065C}.Debug|x64.Build.0 = Debug|x64
		{5F625CF9-25DF-4B94-99E7-AD9F0538065C}.Debug|x86.ActiveCfg = Debug|Win32
		{5F625CF9-25DF-4B94-99E7-AD9F0538065C}.Debug|x86.Build.0 = Debug|Win32
		{5F625CF9-25DF-4B94-99E7-AD9F0538065C}.Release|x64.ActiveCfg = Release|x64
		{5F625CF9-25DF-4B94-99E7-AD9F0538065C}.Release|x64.Build.0 = Release|x64
		{5F625CF9-25DF-4B94-99E7-AD9F0538065C}.Release|x86.ActiveCfg = Release|Win32
		{5F625CF9-25DF-4B94-99E7-AD9F0538065C}.Release|x86.Build.0 = Release|Win32
	EndGlobalSection
	GlobalSection(SolutionProperties) = preSolution
		HideSolutionNode = FALSE
	EndGlobalSection
	GlobalSection(ExtensibilityGlobals) = postSolution
		SolutionGuid = {869DCB3F-94BC-4425-90CF-65B4230240B1}
	EndGlobalSection
EndGlobal
